
Microsoft Visual Studio Solution File, Format Version 12.00
# Visual Studio 14
VisualStudioVersion = 14.0.25420.1
MinimumVisualStudioVersion = 10.0.40219.1
Project("{FAE04EC0-301F-11D3-BF4B-00C04F79EFBC}") = "BNSA Unpacker", "BNSA Unpacker\BNSA Unpacker.csproj", "{94B44CC2-3C76-46EE-B831-2CF9231BC603}"
EndProject
Project("{FAE04EC0-301F-11D3-BF4B-00C04F79EFBC}") = "Sprite Viewer GUI", "MMBN Sprite List Viewer\Sprite Viewer GUI.csproj", "{22038695-C703-476F-9324-D23E7B40F58C}"
EndProject
Project("{FAE04EC0-301F-11D3-BF4B-00C04F79EFBC}") = "Sprite Viewer GUI - WPF", "Sprite Viewer GUI - WPF\Sprite Viewer GUI - WPF.csproj", "{25FAF6FC-7F42-443C-B849-12E6C0640B2C}"
EndProject
Global
	GlobalSection(SolutionConfigurationPlatforms) = preSolution
		Debug|Any CPU = Debug|Any CPU
		Debug|x86 = Debug|x86
		Release|Any CPU = Release|Any CPU
		Release|x86 = Release|x86
	EndGlobalSection
	GlobalSection(ProjectConfigurationPlatforms) = postSolution
		{94B44CC2-3C76-46EE-B831-2CF9231BC603}.Debug|Any CPU.ActiveCfg = Debug|Any CPU
		{94B44CC2-3C76-46EE-B831-2CF9231BC603}.Debug|Any CPU.Build.0 = Debug|Any CPU
		{94B44CC2-3C76-46EE-B831-2CF9231BC603}.Debug|x86.ActiveCfg = Debug|Any CPU
		{94B44CC2-3C76-46EE-B831-2CF9231BC603}.Debug|x86.Build.0 = Debug|Any CPU
		{94B44CC2-3C76-46EE-B831-2CF9231BC603}.Release|Any CPU.ActiveCfg = Release|Any CPU
		{94B44CC2-3C76-46EE-B831-2CF9231BC603}.Release|Any CPU.Build.0 = Release|Any CPU
		{94B44CC2-3C76-46EE-B831-2CF9231BC603}.Release|x86.ActiveCfg = Release|Any CPU
		{94B44CC2-3C76-46EE-B831-2CF9231BC603}.Release|x86.Build.0 = Release|Any CPU
		{22038695-C703-476F-9324-D23E7B40F58C}.Debug|Any CPU.ActiveCfg = Debug|Any CPU
		{22038695-C703-476F-9324-D23E7B40F58C}.Debug|Any CPU.Build.0 = Debug|Any CPU
		{22038695-C703-476F-9324-D23E7B40F58C}.Debug|x86.ActiveCfg = Debug|x86
		{22038695-C703-476F-9324-D23E7B40F58C}.Debug|x86.Build.0 = Debug|x86
		{22038695-C703-476F-9324-D23E7B40F58C}.Release|Any CPU.ActiveCfg = Release|Any CPU
		{22038695-C703-476F-9324-D23E7B40F58C}.Release|Any CPU.Build.0 = Release|Any CPU
		{22038695-C703-476F-9324-D23E7B40F58C}.Release|x86.ActiveCfg = Release|x86
		{22038695-C703-476F-9324-D23E7B40F58C}.Release|x86.Build.0 = Release|x86
		{25FAF6FC-7F42-443C-B849-12E6C0640B2C}.Debug|Any CPU.ActiveCfg = Debug|Any CPU
		{25FAF6FC-7F42-443C-B849-12E6C0640B2C}.Debug|Any CPU.Build.0 = Debug|Any CPU
		{25FAF6FC-7F42-443C-B849-12E6C0640B2C}.Debug|x86.ActiveCfg = Debug|Any CPU
		{25FAF6FC-7F42-443C-B849-12E6C0640B2C}.Debug|x86.Build.0 = Debug|Any CPU
		{25FAF6FC-7F42-443C-B849-12E6C0640B2C}.Release|Any CPU.ActiveCfg = Release|Any CPU
		{25FAF6FC-7F42-443C-B849-12E6C0640B2C}.Release|Any CPU.Build.0 = Release|Any CPU
		{25FAF6FC-7F42-443C-B849-12E6C0640B2C}.Release|x86.ActiveCfg = Release|Any CPU
		{25FAF6FC-7F42-443C-B849-12E6C0640B2C}.Release|x86.Build.0 = Release|Any CPU
	EndGlobalSection
	GlobalSection(SolutionProperties) = preSolution
		HideSolutionNode = FALSE
	EndGlobalSection
EndGlobal
